
Microsoft Visual Studio Solution File, Format Version 12.00
# Visual Studio 15
VisualStudioVersion = 15.0.27703.2026
MinimumVisualStudioVersion = 10.0.40219.1
Project("{FAE04EC0-301F-11D3-BF4B-00C04F79EFBC}") = "pc2udp", "pc2udp\pc2udp.csproj", "{C5D06DE5-4C42-46EC-AC37-AA8239263B52}"
EndProject
Global
	GlobalSection(SolutionConfigurationPlatforms) = preSolution
		Debug|Any CPU = Debug|Any CPU
		Release|Any CPU = Release|Any CPU
	EndGlobalSection
	GlobalSection(ProjectConfigurationPlatforms) = postSolution
		{C5D06DE5-4C42-46EC-AC37-AA8239263B52}.Debug|Any CPU.ActiveCfg = Debug|Any CPU
		{C5D06DE5-4C42-46EC-AC37-AA8239263B52}.Debug|Any CPU.Build.0 = Debug|Any CPU
		{C5D06DE5-4C42-46EC-AC37-AA8239263B52}.Release|Any CPU.ActiveCfg = Release|Any CPU
		{C5D06DE5-4C42-46EC-AC37-AA8239263B52}.Release|Any CPU.Build.0 = Release|Any CPU
	EndGlobalSection
	GlobalSection(SolutionProperties) = preSolution
		HideSolutionNode = FALSE
	EndGlobalSection
	GlobalSection(ExtensibilityGlobals) = postSolution
		SolutionGuid = {105AE3BB-B6B9-4414-9306-850FE468846E}
	EndGlobalSection
EndGlobal
